
Microsoft Visual Studio Solution File, Format Version 12.00
# Visual Studio Version 16
VisualStudioVersion = 16.0.29503.13
MinimumVisualStudioVersion = 10.0.40219.1
Project("{FAE04EC0-301F-11D3-BF4B-00C04F79EFBC}") = "SWGAfterlifeLauncher", "SWGAfterlifeLauncher\SWGAfterlifeLauncher.csproj", "{985AAF39-935A-4F52-B2E8-B3C7962AB316}"
EndProject
Global
	GlobalSection(SolutionConfigurationPlatforms) = preSolution
		Debug|Any CPU = Debug|Any CPU
		Release|Any CPU = Release|Any CPU
	EndGlobalSection
	GlobalSection(ProjectConfigurationPlatforms) = postSolution
		{985AAF39-935A-4F52-B2E8-B3C7962AB316}.Debug|Any CPU.ActiveCfg = Debug|Any CPU
		{985AAF39-935A-4F52-B2E8-B3C7962AB316}.Debug|Any CPU.Build.0 = Debug|Any CPU
		{985AAF39-935A-4F52-B2E8-B3C7962AB316}.Release|Any CPU.ActiveCfg = Release|Any CPU
		{985AAF39-935A-4F52-B2E8-B3C7962AB316}.Release|Any CPU.Build.0 = Release|Any CPU
	EndGlobalSection
	GlobalSection(SolutionProperties) = preSolution
		HideSolutionNode = FALSE
	EndGlobalSection
	GlobalSection(ExtensibilityGlobals) = postSolution
		SolutionGuid = {8E13EBD1-93FB-4AD7-AF2D-3C966FAE92EA}
	EndGlobalSection
	GlobalSection(TeamFoundationVersionControl) = preSolution
		SccNumberOfProjects = 2
		SccEnterpriseProvider = {4CA58AB2-18FA-4F8D-95D4-32DDF27D184C}
		SccTeamFoundationServer = https://wvandere.visualstudio.com/defaultcollection
		SccLocalPath0 = .
		SccProjectUniqueName1 = SWGAfterlifeLauncher\\SWGAfterlifeLauncher.csproj
		SccProjectName1 = SWGAfterlifeLauncher
		SccLocalPath1 = SWGAfterlifeLauncher
	EndGlobalSection
EndGlobal
